
Microsoft Visual Studio Solution File, Format Version 12.00
# Visual Studio Version 17
VisualStudioVersion = 17.3.32819.101
MinimumVisualStudioVersion = 10.0.40219.1
Project("{FAE04EC0-301F-11D3-BF4B-00C04F79EFBC}") = "WebBanSach", "WebBanSach\WebBanSach.csproj", "{92497EAF-9530-432F-8F46-49DA95BA9AF4}"
EndProject
Global
	GlobalSection(SolutionConfigurationPlatforms) = preSolution
		Debug|Any CPU = Debug|Any CPU
		Release|Any CPU = Release|Any CPU
	EndGlobalSection
	GlobalSection(ProjectConfigurationPlatforms) = postSolution
		{92497EAF-9530-432F-8F46-49DA95BA9AF4}.Debug|Any CPU.ActiveCfg = Debug|Any CPU
		{92497EAF-9530-432F-8F46-49DA95BA9AF4}.Debug|Any CPU.Build.0 = Debug|Any CPU
		{92497EAF-9530-432F-8F46-49DA95BA9AF4}.Release|Any CPU.ActiveCfg = Release|Any CPU
		{92497EAF-9530-432F-8F46-49DA95BA9AF4}.Release|Any CPU.Build.0 = Release|Any CPU
	EndGlobalSection
	GlobalSection(SolutionProperties) = preSolution
		HideSolutionNode = FALSE
	EndGlobalSection
	GlobalSection(ExtensibilityGlobals) = postSolution
		SolutionGuid = {1BA6B495-CF3F-4977-ADA9-9CE4F12DA827}
	EndGlobalSection
EndGlobal
